
Microsoft Visual Studio Solution File, Format Version 12.00
# Visual Studio Version 17
VisualStudioVersion = 17.1.32407.343
MinimumVisualStudioVersion = 10.0.40219.1
Project("{FAE04EC0-301F-11D3-BF4B-00C04F79EFBC}") = "Vidlyy", "Vidlyy\Vidlyy.csproj", "{88205116-7A29-4C0C-86EB-4F2DA50E5492}"
EndProject
Global
	GlobalSection(SolutionConfigurationPlatforms) = preSolution
		Debug|Any CPU = Debug|Any CPU
		Release|Any CPU = Release|Any CPU
		Testing|Any CPU = Testing|Any CPU
	EndGlobalSection
	GlobalSection(ProjectConfigurationPlatforms) = postSolution
		{88205116-7A29-4C0C-86EB-4F2DA50E5492}.Debug|Any CPU.ActiveCfg = Debug|Any CPU
		{88205116-7A29-4C0C-86EB-4F2DA50E5492}.Debug|Any CPU.Build.0 = Debug|Any CPU
		{88205116-7A29-4C0C-86EB-4F2DA50E5492}.Release|Any CPU.ActiveCfg = Release|Any CPU
		{88205116-7A29-4C0C-86EB-4F2DA50E5492}.Release|Any CPU.Build.0 = Release|Any CPU
		{88205116-7A29-4C0C-86EB-4F2DA50E5492}.Testing|Any CPU.ActiveCfg = Testing|Any CPU
		{88205116-7A29-4C0C-86EB-4F2DA50E5492}.Testing|Any CPU.Build.0 = Testing|Any CPU
	EndGlobalSection
	GlobalSection(SolutionProperties) = preSolution
		HideSolutionNode = FALSE
	EndGlobalSection
	GlobalSection(ExtensibilityGlobals) = postSolution
		SolutionGuid = {BB3FC7B1-6681-4D46-B0AA-265A6EB012F9}
	EndGlobalSection
EndGlobal
